
Microsoft Visual Studio Solution File, Format Version 12.00
# Visual Studio 15
VisualStudioVersion = 15.0.27130.2027
MinimumVisualStudioVersion = 10.0.40219.1
Project("{FAE04EC0-301F-11D3-BF4B-00C04F79EFBC}") = "WindowsFormsUI", "WindowsFormsUI\WindowsFormsUI.csproj", "{DDD91E5C-6F74-43DD-93CC-0027B3AB7023}"
EndProject
Global
	GlobalSection(SolutionConfigurationPlatforms) = preSolution
		Debug|Any CPU = Debug|Any CPU
		Release|Any CPU = Release|Any CPU
	EndGlobalSection
	GlobalSection(ProjectConfigurationPlatforms) = postSolution
		{DDD91E5C-6F74-43DD-93CC-0027B3AB7023}.Debug|Any CPU.ActiveCfg = Debug|Any CPU
		{DDD91E5C-6F74-43DD-93CC-0027B3AB7023}.Debug|Any CPU.Build.0 = Debug|Any CPU
		{DDD91E5C-6F74-43DD-93CC-0027B3AB7023}.Release|Any CPU.ActiveCfg = Release|Any CPU
		{DDD91E5C-6F74-43DD-93CC-0027B3AB7023}.Release|Any CPU.Build.0 = Release|Any CPU
	EndGlobalSection
	GlobalSection(SolutionProperties) = preSolution
		HideSolutionNode = FALSE
	EndGlobalSection
	GlobalSection(ExtensibilityGlobals) = postSolution
		SolutionGuid = {CE84172B-8098-4EA2-86FE-C39AD2C175D2}
	EndGlobalSection
EndGlobal
